
Microsoft Visual Studio Solution File, Format Version 12.00
# Visual Studio 2012
Project("{FAE04EC0-301F-11D3-BF4B-00C04F79EFBC}") = "RealTimeWebApp", "RealTimeWebApp\RealTimeWebApp.csproj", "{52A94F54-4785-4DFD-B4B9-0D1A22C37E66}"
EndProject
Global
	GlobalSection(SolutionConfigurationPlatforms) = preSolution
		Debug|Any CPU = Debug|Any CPU
		Release|Any CPU = Release|Any CPU
	EndGlobalSection
	GlobalSection(ProjectConfigurationPlatforms) = postSolution
		{52A94F54-4785-4DFD-B4B9-0D1A22C37E66}.Debug|Any CPU.ActiveCfg = Debug|Any CPU
		{52A94F54-4785-4DFD-B4B9-0D1A22C37E66}.Debug|Any CPU.Build.0 = Debug|Any CPU
		{52A94F54-4785-4DFD-B4B9-0D1A22C37E66}.Release|Any CPU.ActiveCfg = Release|Any CPU
		{52A94F54-4785-4DFD-B4B9-0D1A22C37E66}.Release|Any CPU.Build.0 = Release|Any CPU
	EndGlobalSection
	GlobalSection(SolutionProperties) = preSolution
		HideSolutionNode = FALSE
	EndGlobalSection
EndGlobal
